{
  "requires": true,
  "lockfileVersion": 1,
  "dependencies": {
    "lockr": {
      "version": "0.8.5",
      "resolved": "https://registry.npmjs.org/lockr/-/lockr-0.8.5.tgz",
      "integrity": "sha512-PyWX+NYcJtk+12cARV5qaR0I2cfpHDplpOOI4KKoJtJufdnXo4sJPmfWhbZUAT5rCMgszzU0DovlSjEKp2u12A=="
    },
    "uni-request": {
      "version": "1.0.2",
      "resolved": "https://registry.npmjs.org/uni-request/-/uni-request-1.0.2.tgz",
      "integrity": "sha512-NeenvswBYHMS2HoxedKapz5JEJYt31VAc3YTSdVvjGz/8T3LpZxRL21fQygj5fzLTALDZaDlv5pD168lJhlOww=="
    }
  }
}
